PODS:
  - Nodelike (0.1.0)

DEPENDENCIES:
  - Nodelike (from `https://github.com/node-app/Nodelike.git`, commit `928139925d2a1dbd9977ca9e4386ddcd7c686ef5`)

EXTERNAL SOURCES:
  Nodelike:
    :commit: 928139925d2a1dbd9977ca9e4386ddcd7c686ef5
    :git: https://github.com/node-app/Nodelike.git
    :submodules: true

SPEC CHECKSUMS:
  Nodelike: 7a9cbc13a39da5bf27c4dadada5ea09751901fd6

COCOAPODS: 0.29.0
